
Microsoft Visual Studio Solution File, Format Version 12.00
# Visual Studio 14
VisualStudioVersion = 14.0.25123.0
MinimumVisualStudioVersion = 10.0.40219.1
Project("{FAE04EC0-301F-11D3-BF4B-00C04F79EFBC}") = "Colimo.Droid", "Colimo\Colimo.Droid\Colimo.Droid.csproj", "{73916941-9750-45F8-8DBB-61DDA808BD23}"
EndProject
Project("{FAE04EC0-301F-11D3-BF4B-00C04F79EFBC}") = "Colimo.iOS", "Colimo\Colimo.iOS\Colimo.iOS.csproj", "{B94DF1D7-B602-4419-BA6B-2DD3702BDB4C}"
EndProject
Project("{FAE04EC0-301F-11D3-BF4B-00C04F79EFBC}") = "Colimo.WinPhone", "Colimo\Colimo.WinPhone\Colimo.WinPhone.csproj", "{FB0C94AB-EE61-4937-9D4E-241F77B259C3}"
EndProject
Project("{FAE04EC0-301F-11D3-BF4B-00C04F79EFBC}") = "Colimo", "Colimo\Colimo\Colimo.csproj", "{D4E98A79-00A4-46DF-9E8E-4F6FF7E7CFE9}"
EndProject
Global
	GlobalSection(SolutionConfigurationPlatforms) = preSolution
		Ad-Hoc|Any CPU = Ad-Hoc|Any CPU
		Ad-Hoc|ARM = Ad-Hoc|ARM
		Ad-Hoc|iPhone = Ad-Hoc|iPhone
		Ad-Hoc|iPhoneSimulator = Ad-Hoc|iPhoneSimulator
		Ad-Hoc|x64 = Ad-Hoc|x64
		Ad-Hoc|x86 = Ad-Hoc|x86
		AppStore|Any CPU = AppStore|Any CPU
		AppStore|ARM = AppStore|ARM
		AppStore|iPhone = AppStore|iPhone
		AppStore|iPhoneSimulator = AppStore|iPhoneSimulator
		AppStore|x64 = AppStore|x64
		AppStore|x86 = AppStore|x86
		Debug|Any CPU = Debug|Any CPU
		Debug|ARM = Debug|ARM
		Debug|iPhone = Debug|iPhone
		Debug|iPhoneSimulator = Debug|iPhoneSimulator
		Debug|x64 = Debug|x64
		Debug|x86 = Debug|x86
		Release|Any CPU = Release|Any CPU
		Release|ARM = Release|ARM
		Release|iPhone = Release|iPhone
		Release|iPhoneSimulator = Release|iPhoneSimulator
		Release|x64 = Release|x64
		Release|x86 = Release|x86
	EndGlobalSection
	GlobalSection(ProjectConfigurationPlatforms) = postSolution
		{73916941-9750-45F8-8DBB-61DDA808BD23}.Ad-Hoc|Any CPU.ActiveCfg = Release|Any CPU
		{73916941-9750-45F8-8DBB-61DDA808BD23}.Ad-Hoc|Any CPU.Build.0 = Release|Any CPU
		{73916941-9750-45F8-8DBB-61DDA808BD23}.Ad-Hoc|Any CPU.Deploy.0 = Release|Any CPU
		{73916941-9750-45F8-8DBB-61DDA808BD23}.Ad-Hoc|ARM.ActiveCfg = Release|Any CPU
		{73916941-9750-45F8-8DBB-61DDA808BD23}.Ad-Hoc|ARM.Build.0 = Release|Any CPU
		{73916941-9750-45F8-8DBB-61DDA808BD23}.Ad-Hoc|ARM.Deploy.0 = Release|Any CPU
		{73916941-9750-45F8-8DBB-61DDA808BD23}.Ad-Hoc|iPhone.ActiveCfg = Release|Any CPU
		{73916941-9750-45F8-8DBB-61DDA808BD23}.Ad-Hoc|iPhone.Build.0 = Release|Any CPU
		{73916941-9750-45F8-8DBB-61DDA808BD23}.Ad-Hoc|iPhone.Deploy.0 = Release|Any CPU
		{73916941-9750-45F8-8DBB-61DDA808BD23}.Ad-Hoc|iPhoneSimulator.ActiveCfg = Release|Any CPU
		{73916941-9750-45F8-8DBB-61DDA808BD23}.Ad-Hoc|iPhoneSimulator.Build.0 = Release|Any CPU
		{73916941-9750-45F8-8DBB-61DDA808BD23}.Ad-Hoc|iPhoneSimulator.Deploy.0 = Release|Any CPU
		{73916941-9750-45F8-8DBB-61DDA808BD23}.Ad-Hoc|x64.ActiveCfg = Release|Any CPU
		{73916941-9750-45F8-8DBB-61DDA808BD23}.Ad-Hoc|x64.Build.0 = Release|Any CPU
		{73916941-9750-45F8-8DBB-61DDA808BD23}.Ad-Hoc|x64.Deploy.0 = Release|Any CPU
		{73916941-9750-45F8-8DBB-61DDA808BD23}.Ad-Hoc|x86.ActiveCfg = Release|Any CPU
		{73916941-9750-45F8-8DBB-61DDA808BD23}.Ad-Hoc|x86.Build.0 = Release|Any CPU
		{73916941-9750-45F8-8DBB-61DDA808BD23}.Ad-Hoc|x86.Deploy.0 = Release|Any CPU
		{73916941-9750-45F8-8DBB-61DDA808BD23}.AppStore|Any CPU.ActiveCfg = Release|Any CPU
		{73916941-9750-45F8-8DBB-61DDA808BD23}.AppStore|Any CPU.Build.0 = Release|Any CPU
		{73916941-9750-45F8-8DBB-61DDA808BD23}.AppStore|Any CPU.Deploy.0 = Release|Any CPU
		{73916941-9750-45F8-8DBB-61DDA808BD23}.AppStore|ARM.ActiveCfg = Release|Any CPU
		{73916941-9750-45F8-8DBB-61DDA808BD23}.AppStore|ARM.Build.0 = Release|Any CPU
		{73916941-9750-45F8-8DBB-61DDA808BD23}.AppStore|ARM.Deploy.0 = Release|Any CPU
		{73916941-9750-45F8-8DBB-61DDA808BD23}.AppStore|iPhone.ActiveCfg = Release|Any CPU
		{73916941-9750-45F8-8DBB-61DDA808BD23}.AppStore|iPhone.Build.0 = Release|Any CPU
		{73916941-9750-45F8-8DBB-61DDA808BD23}.AppStore|iPhone.Deploy.0 = Release|Any CPU
		{73916941-9750-45F8-8DBB-61DDA808BD23}.AppStore|iPhoneSimulator.ActiveCfg = Release|Any CPU
		{73916941-9750-45F8-8DBB-61DDA808BD23}.AppStore|iPhoneSimulator.Build.0 = Release|Any CPU
		{73916941-9750-45F8-8DBB-61DDA808BD23}.AppStore|iPhoneSimulator.Deploy.0 = Release|Any CPU
		{73916941-9750-45F8-8DBB-61DDA808BD23}.AppStore|x64.ActiveCfg = Release|Any CPU
		{73916941-9750-45F8-8DBB-61DDA808BD23}.AppStore|x64.Build.0 = Release|Any CPU
		{73916941-9750-45F8-8DBB-61DDA808BD23}.AppStore|x64.Deploy.0 = Release|Any CPU
		{73916941-9750-45F8-8DBB-61DDA808BD23}.AppStore|x86.ActiveCfg = Release|Any CPU
		{73916941-9750-45F8-8DBB-61DDA808BD23}.AppStore|x86.Build.0 = Release|Any CPU
		{73916941-9750-45F8-8DBB-61DDA808BD23}.AppStore|x86.Deploy.0 = Release|Any CPU
		{73916941-9750-45F8-8DBB-61DDA808BD23}.Debug|Any CPU.ActiveCfg = Debug|Any CPU
		{73916941-9750-45F8-8DBB-61DDA808BD23}.Debug|Any CPU.Build.0 = Debug|Any CPU
		{73916941-9750-45F8-8DBB-61DDA808BD23}.Debug|Any CPU.Deploy.0 = Debug|Any CPU
		{73916941-9750-45F8-8DBB-61DDA808BD23}.Debug|ARM.ActiveCfg = Debug|Any CPU
		{73916941-9750-45F8-8DBB-61DDA808BD23}.Debug|ARM.Build.0 = Debug|Any CPU
		{73916941-9750-45F8-8DBB-61DDA808BD23}.Debug|ARM.Deploy.0 = Debug|Any CPU
		{73916941-9750-45F8-8DBB-61DDA808BD23}.Debug|iPhone.ActiveCfg = Debug|Any CPU
		{73916941-9750-45F8-8DBB-61DDA808BD23}.Debug|iPhone.Build.0 = Debug|Any CPU
		{73916941-9750-45F8-8DBB-61DDA808BD23}.Debug|iPhone.Deploy.0 = Debug|Any CPU
		{73916941-9750-45F8-8DBB-61DDA808BD23}.Debug|iPhoneSimulator.ActiveCfg = Debug|Any CPU
		{73916941-9750-45F8-8DBB-61DDA808BD23}.Debug|iPhoneSimulator.Build.0 = Debug|Any CPU
		{73916941-9750-45F8-8DBB-61DDA808BD23}.Debug|iPhoneSimulator.Deploy.0 = Debug|Any CPU
		{73916941-9750-45F8-8DBB-61DDA808BD23}.Debug|x64.ActiveCfg = Debug|Any CPU
		{73916941-9750-45F8-8DBB-61DDA808BD23}.Debug|x64.Build.0 = Debug|Any CPU
		{73916941-9750-45F8-8DBB-61DDA808BD23}.Debug|x64.Deploy.0 = Debug|Any CPU
		{73916941-9750-45F8-8DBB-61DDA808BD23}.Debug|x86.ActiveCfg = Debug|Any CPU
		{73916941-9750-45F8-8DBB-61DDA808BD23}.Debug|x86.Build.0 = Debug|Any CPU
		{73916941-9750-45F8-8DBB-61DDA808BD23}.Debug|x86.Deploy.0 = Debug|Any CPU
		{73916941-9750-45F8-8DBB-61DDA808BD23}.Release|Any CPU.ActiveCfg = Release|Any CPU
		{73916941-9750-45F8-8DBB-61DDA808BD23}.Release|Any CPU.Build.0 = Release|Any CPU
		{73916941-9750-45F8-8DBB-61DDA808BD23}.Release|Any CPU.Deploy.0 = Release|Any CPU
		{73916941-9750-45F8-8DBB-61DDA808BD23}.Release|ARM.ActiveCfg = Release|Any CPU
		{73916941-9750-45F8-8DBB-61DDA808BD23}.Release|ARM.Build.0 = Release|Any CPU
		{73916941-9750-45F8-8DBB-61DDA808BD23}.Release|ARM.Deploy.0 = Release|Any CPU
		{73916941-9750-45F8-8DBB-61DDA808BD23}.Release|iPhone.ActiveCfg = Release|Any CPU
		{73916941-9750-45F8-8DBB-61DDA808BD23}.Release|iPhone.Build.0 = Release|Any CPU
		{73916941-9750-45F8-8DBB-61DDA808BD23}.Release|iPhone.Deploy.0 = Release|Any CPU
		{73916941-9750-45F8-8DBB-61DDA808BD23}.Release|iPhoneSimulator.ActiveCfg = Release|Any CPU
		{73916941-9750-45F8-8DBB-61DDA808BD23}.Release|iPhoneSimulator.Build.0 = Release|Any CPU
		{73916941-9750-45F8-8DBB-61DDA808BD23}.Release|iPhoneSimulator.Deploy.0 = Release|Any CPU
		{73916941-9750-45F8-8DBB-61DDA808BD23}.Release|x64.ActiveCfg = Release|Any CPU
		{73916941-9750-45F8-8DBB-61DDA808BD23}.Release|x64.Build.0 = Release|Any CPU
		{73916941-9750-45F8-8DBB-61DDA808BD23}.Release|x64.Deploy.0 = Release|Any CPU
		{73916941-9750-45F8-8DBB-61DDA808BD23}.Release|x86.ActiveCfg = Release|Any CPU
		{73916941-9750-45F8-8DBB-61DDA808BD23}.Release|x86.Build.0 = Release|Any CPU
		{73916941-9750-45F8-8DBB-61DDA808BD23}.Release|x86.Deploy.0 = Release|Any CPU
		{B94DF1D7-B602-4419-BA6B-2DD3702BDB4C}.Ad-Hoc|Any CPU.ActiveCfg = Ad-Hoc|iPhone
		{B94DF1D7-B602-4419-BA6B-2DD3702BDB4C}.Ad-Hoc|ARM.ActiveCfg = Ad-Hoc|iPhone
		{B94DF1D7-B602-4419-BA6B-2DD3702BDB4C}.Ad-Hoc|iPhone.ActiveCfg = Ad-Hoc|iPhone
		{B94DF1D7-B602-4419-BA6B-2DD3702BDB4C}.Ad-Hoc|iPhone.Build.0 = Ad-Hoc|iPhone
		{B94DF1D7-B602-4419-BA6B-2DD3702BDB4C}.Ad-Hoc|iPhoneSimulator.ActiveCfg = Ad-Hoc|iPhoneSimulator
		{B94DF1D7-B602-4419-BA6B-2DD3702BDB4C}.Ad-Hoc|iPhoneSimulator.Build.0 = Ad-Hoc|iPhoneSimulator
		{B94DF1D7-B602-4419-BA6B-2DD3702BDB4C}.Ad-Hoc|x64.ActiveCfg = Ad-Hoc|iPhone
		{B94DF1D7-B602-4419-BA6B-2DD3702BDB4C}.Ad-Hoc|x86.ActiveCfg = Ad-Hoc|iPhone
		{B94DF1D7-B602-4419-BA6B-2DD3702BDB4C}.AppStore|Any CPU.ActiveCfg = AppStore|iPhone
		{B94DF1D7-B602-4419-BA6B-2DD3702BDB4C}.AppStore|ARM.ActiveCfg = AppStore|iPhone
		{B94DF1D7-B602-4419-BA6B-2DD3702BDB4C}.AppStore|iPhone.ActiveCfg = AppStore|iPhone
		{B94DF1D7-B602-4419-BA6B-2DD3702BDB4C}.AppStore|iPhone.Build.0 = AppStore|iPhone
		{B94DF1D7-B602-4419-BA6B-2DD3702BDB4C}.AppStore|iPhoneSimulator.ActiveCfg = AppStore|iPhoneSimulator
		{B94DF1D7-B602-4419-BA6B-2DD3702BDB4C}.AppStore|iPhoneSimulator.Build.0 = AppStore|iPhoneSimulator
		{B94DF1D7-B602-4419-BA6B-2DD3702BDB4C}.AppStore|x64.ActiveCfg = AppStore|iPhone
		{B94DF1D7-B602-4419-BA6B-2DD3702BDB4C}.AppStore|x86.ActiveCfg = AppStore|iPhone
		{B94DF1D7-B602-4419-BA6B-2DD3702BDB4C}.Debug|Any CPU.ActiveCfg = Debug|iPhone
		{B94DF1D7-B602-4419-BA6B-2DD3702BDB4C}.Debug|ARM.ActiveCfg = Debug|iPhone
		{B94DF1D7-B602-4419-BA6B-2DD3702BDB4C}.Debug|iPhone.ActiveCfg = Debug|iPhone
		{B94DF1D7-B602-4419-BA6B-2DD3702BDB4C}.Debug|iPhone.Build.0 = Debug|iPhone
		{B94DF1D7-B602-4419-BA6B-2DD3702BDB4C}.Debug|iPhoneSimulator.ActiveCfg = Debug|iPhoneSimulator
		{B94DF1D7-B602-4419-BA6B-2DD3702BDB4C}.Debug|iPhoneSimulator.Build.0 = Debug|iPhoneSimulator
		{B94DF1D7-B602-4419-BA6B-2DD3702BDB4C}.Debug|x64.ActiveCfg = Debug|iPhone
		{B94DF1D7-B602-4419-BA6B-2DD3702BDB4C}.Debug|x86.ActiveCfg = Debug|iPhone
		{B94DF1D7-B602-4419-BA6B-2DD3702BDB4C}.Release|Any CPU.ActiveCfg = Release|iPhone
		{B94DF1D7-B602-4419-BA6B-2DD3702BDB4C}.Release|ARM.ActiveCfg = Release|iPhone
		{B94DF1D7-B602-4419-BA6B-2DD3702BDB4C}.Release|iPhone.ActiveCfg = Release|iPhone
		{B94DF1D7-B602-4419-BA6B-2DD3702BDB4C}.Release|iPhone.Build.0 = Release|iPhone
		{B94DF1D7-B602-4419-BA6B-2DD3702BDB4C}.Release|iPhoneSimulator.ActiveCfg = Release|iPhoneSimulator
		{B94DF1D7-B602-4419-BA6B-2DD3702BDB4C}.Release|iPhoneSimulator.Build.0 = Release|iPhoneSimulator
		{B94DF1D7-B602-4419-BA6B-2DD3702BDB4C}.Release|x64.ActiveCfg = Release|iPhone
		{B94DF1D7-B602-4419-BA6B-2DD3702BDB4C}.Release|x86.ActiveCfg = Release|iPhone
		{FB0C94AB-EE61-4937-9D4E-241F77B259C3}.Ad-Hoc|Any CPU.ActiveCfg = Release|Any CPU
		{FB0C94AB-EE61-4937-9D4E-241F77B259C3}.Ad-Hoc|Any CPU.Build.0 = Release|Any CPU
		{FB0C94AB-EE61-4937-9D4E-241F77B259C3}.Ad-Hoc|Any CPU.Deploy.0 = Release|Any CPU
		{FB0C94AB-EE61-4937-9D4E-241F77B259C3}.Ad-Hoc|ARM.ActiveCfg = Release|ARM
		{FB0C94AB-EE61-4937-9D4E-241F77B259C3}.Ad-Hoc|ARM.Build.0 = Release|ARM
		{FB0C94AB-EE61-4937-9D4E-241F77B259C3}.Ad-Hoc|ARM.Deploy.0 = Release|ARM
		{FB0C94AB-EE61-4937-9D4E-241F77B259C3}.Ad-Hoc|iPhone.ActiveCfg = Release|Any CPU
		{FB0C94AB-EE61-4937-9D4E-241F77B259C3}.Ad-Hoc|iPhone.Build.0 = Release|Any CPU
		{FB0C94AB-EE61-4937-9D4E-241F77B259C3}.Ad-Hoc|iPhone.Deploy.0 = Release|Any CPU
		{FB0C94AB-EE61-4937-9D4E-241F77B259C3}.Ad-Hoc|iPhoneSimulator.ActiveCfg = Release|Any CPU
		{FB0C94AB-EE61-4937-9D4E-241F77B259C3}.Ad-Hoc|iPhoneSimulator.Build.0 = Release|Any CPU
		{FB0C94AB-EE61-4937-9D4E-241F77B259C3}.Ad-Hoc|iPhoneSimulator.Deploy.0 = Release|Any CPU
		{FB0C94AB-EE61-4937-9D4E-241F77B259C3}.Ad-Hoc|x64.ActiveCfg = Release|Any CPU
		{FB0C94AB-EE61-4937-9D4E-241F77B259C3}.Ad-Hoc|x64.Build.0 = Release|Any CPU
		{FB0C94AB-EE61-4937-9D4E-241F77B259C3}.Ad-Hoc|x64.Deploy.0 = Release|Any CPU
		{FB0C94AB-EE61-4937-9D4E-241F77B259C3}.Ad-Hoc|x86.ActiveCfg = Release|x86
		{FB0C94AB-EE61-4937-9D4E-241F77B259C3}.Ad-Hoc|x86.Build.0 = Release|x86
		{FB0C94AB-EE61-4937-9D4E-241F77B259C3}.Ad-Hoc|x86.Deploy.0 = Release|x86
		{FB0C94AB-EE61-4937-9D4E-241F77B259C3}.AppStore|Any CPU.ActiveCfg = Release|Any CPU
		{FB0C94AB-EE61-4937-9D4E-241F77B259C3}.AppStore|Any CPU.Build.0 = Release|Any CPU
		{FB0C94AB-EE61-4937-9D4E-241F77B259C3}.AppStore|Any CPU.Deploy.0 = Release|Any CPU
		{FB0C94AB-EE61-4937-9D4E-241F77B259C3}.AppStore|ARM.ActiveCfg = Release|ARM
		{FB0C94AB-EE61-4937-9D4E-241F77B259C3}.AppStore|ARM.Build.0 = Release|ARM
		{FB0C94AB-EE61-4937-9D4E-241F77B259C3}.AppStore|ARM.Deploy.0 = Release|ARM
		{FB0C94AB-EE61-4937-9D4E-241F77B259C3}.AppStore|iPhone.ActiveCfg = Release|Any CPU
		{FB0C94AB-EE61-4937-9D4E-241F77B259C3}.AppStore|iPhone.Build.0 = Release|Any CPU
		{FB0C94AB-EE61-4937-9D4E-241F77B259C3}.AppStore|iPhone.Deploy.0 = Release|Any CPU
		{FB0C94AB-EE61-4937-9D4E-241F77B259C3}.AppStore|iPhoneSimulator.ActiveCfg = Release|Any CPU
		{FB0C94AB-EE61-4937-9D4E-241F77B259C3}.AppStore|iPhoneSimulator.Build.0 = Release|Any CPU
		{FB0C94AB-EE61-4937-9D4E-241F77B259C3}.AppStore|iPhoneSimulator.Deploy.0 = Release|Any CPU
		{FB0C94AB-EE61-4937-9D4E-241F77B259C3}.AppStore|x64.ActiveCfg = Release|Any CPU
		{FB0C94AB-EE61-4937-9D4E-241F77B259C3}.AppStore|x64.Build.0 = Release|Any CPU
		{FB0C94AB-EE61-4937-9D4E-241F77B259C3}.AppStore|x64.Deploy.0 = Release|Any CPU
		{FB0C94AB-EE61-4937-9D4E-241F77B259C3}.AppStore|x86.ActiveCfg = Release|x86
		{FB0C94AB-EE61-4937-9D4E-241F77B259C3}.AppStore|x86.Build.0 = Release|x86
		{FB0C94AB-EE61-4937-9D4E-241F77B259C3}.AppStore|x86.Deploy.0 = Release|x86
		{FB0C94AB-EE61-4937-9D4E-241F77B259C3}.Debug|Any CPU.ActiveCfg = Debug|Any CPU
		{FB0C94AB-EE61-4937-9D4E-241F77B259C3}.Debug|Any CPU.Build.0 = Debug|Any CPU
		{FB0C94AB-EE61-4937-9D4E-241F77B259C3}.Debug|Any CPU.Deploy.0 = Debug|Any CPU
		{FB0C94AB-EE61-4937-9D4E-241F77B259C3}.Debug|ARM.ActiveCfg = Debug|ARM
		{FB0C94AB-EE61-4937-9D4E-241F77B259C3}.Debug|ARM.Build.0 = Debug|ARM
		{FB0C94AB-EE61-4937-9D4E-241F77B259C3}.Debug|ARM.Deploy.0 = Debug|ARM
		{FB0C94AB-EE61-4937-9D4E-241F77B259C3}.Debug|iPhone.ActiveCfg = Debug|Any CPU
		{FB0C94AB-EE61-4937-9D4E-241F77B259C3}.Debug|iPhone.Build.0 = Debug|Any CPU
		{FB0C94AB-EE61-4937-9D4E-241F77B259C3}.Debug|iPhone.Deploy.0 = Debug|Any CPU
		{FB0C94AB-EE61-4937-9D4E-241F77B259C3}.Debug|iPhoneSimulator.ActiveCfg = Debug|Any CPU
		{FB0C94AB-EE61-4937-9D4E-241F77B259C3}.Debug|iPhoneSimulator.Build.0 = Debug|Any CPU
		{FB0C94AB-EE61-4937-9D4E-241F77B259C3}.Debug|iPhoneSimulator.Deploy.0 = Debug|Any CPU
		{FB0C94AB-EE61-4937-9D4E-241F77B259C3}.Debug|x64.ActiveCfg = Debug|Any CPU
		{FB0C94AB-EE61-4937-9D4E-241F77B259C3}.Debug|x64.Build.0 = Debug|Any CPU
		{FB0C94AB-EE61-4937-9D4E-241F77B259C3}.Debug|x64.Deploy.0 = Debug|Any CPU
		{FB0C94AB-EE61-4937-9D4E-241F77B259C3}.Debug|x86.ActiveCfg = Debug|x86
		{FB0C94AB-EE61-4937-9D4E-241F77B259C3}.Debug|x86.Build.0 = Debug|x86
		{FB0C94AB-EE61-4937-9D4E-241F77B259C3}.Debug|x86.Deploy.0 = Debug|x86
		{FB0C94AB-EE61-4937-9D4E-241F77B259C3}.Release|Any CPU.ActiveCfg = Release|Any CPU
		{FB0C94AB-EE61-4937-9D4E-241F77B259C3}.Release|Any CPU.Build.0 = Release|Any CPU
		{FB0C94AB-EE61-4937-9D4E-241F77B259C3}.Release|Any CPU.Deploy.0 = Release|Any CPU
		{FB0C94AB-EE61-4937-9D4E-241F77B259C3}.Release|ARM.ActiveCfg = Release|ARM
		{FB0C94AB-EE61-4937-9D4E-241F77B259C3}.Release|ARM.Build.0 = Release|ARM
		{FB0C94AB-EE61-4937-9D4E-241F77B259C3}.Release|ARM.Deploy.0 = Release|ARM
		{FB0C94AB-EE61-4937-9D4E-241F77B259C3}.Release|iPhone.ActiveCfg = Release|Any CPU
		{FB0C94AB-EE61-4937-9D4E-241F77B259C3}.Release|iPhone.Build.0 = Release|Any CPU
		{FB0C94AB-EE61-4937-9D4E-241F77B259C3}.Release|iPhone.Deploy.0 = Release|Any CPU
		{FB0C94AB-EE61-4937-9D4E-241F77B259C3}.Release|iPhoneSimulator.ActiveCfg = Release|Any CPU
		{FB0C94AB-EE61-4937-9D4E-241F77B259C3}.Release|iPhoneSimulator.Build.0 = Release|Any CPU
		{FB0C94AB-EE61-4937-9D4E-241F77B259C3}.Release|iPhoneSimulator.Deploy.0 = Release|Any CPU
		{FB0C94AB-EE61-4937-9D4E-241F77B259C3}.Release|x64.ActiveCfg = Release|Any CPU
		{FB0C94AB-EE61-4937-9D4E-241F77B259C3}.Release|x64.Build.0 = Release|Any CPU
		{FB0C94AB-EE61-4937-9D4E-241F77B259C3}.Release|x64.Deploy.0 = Release|Any CPU
		{FB0C94AB-EE61-4937-9D4E-241F77B259C3}.Release|x86.ActiveCfg = Release|x86
		{FB0C94AB-EE61-4937-9D4E-241F77B259C3}.Release|x86.Build.0 = Release|x86
		{FB0C94AB-EE61-4937-9D4E-241F77B259C3}.Release|x86.Deploy.0 = Release|x86
		{D4E98A79-00A4-46DF-9E8E-4F6FF7E7CFE9}.Ad-Hoc|Any CPU.ActiveCfg = Release|Any CPU
		{D4E98A79-00A4-46DF-9E8E-4F6FF7E7CFE9}.Ad-Hoc|Any CPU.Build.0 = Release|Any CPU
		{D4E98A79-00A4-46DF-9E8E-4F6FF7E7CFE9}.Ad-Hoc|ARM.ActiveCfg = Release|Any CPU
		{D4E98A79-00A4-46DF-9E8E-4F6FF7E7CFE9}.Ad-Hoc|ARM.Build.0 = Release|Any CPU
		{D4E98A79-00A4-46DF-9E8E-4F6FF7E7CFE9}.Ad-Hoc|iPhone.ActiveCfg = Release|Any CPU
		{D4E98A79-00A4-46DF-9E8E-4F6FF7E7CFE9}.Ad-Hoc|iPhone.Build.0 = Release|Any CPU
		{D4E98A79-00A4-46DF-9E8E-4F6FF7E7CFE9}.Ad-Hoc|iPhoneSimulator.ActiveCfg = Release|Any CPU
		{D4E98A79-00A4-46DF-9E8E-4F6FF7E7CFE9}.Ad-Hoc|iPhoneSimulator.Build.0 = Release|Any CPU
		{D4E98A79-00A4-46DF-9E8E-4F6FF7E7CFE9}.Ad-Hoc|x64.ActiveCfg = Release|Any CPU
		{D4E98A79-00A4-46DF-9E8E-4F6FF7E7CFE9}.Ad-Hoc|x64.Build.0 = Release|Any CPU
		{D4E98A79-00A4-46DF-9E8E-4F6FF7E7CFE9}.Ad-Hoc|x86.ActiveCfg = Release|Any CPU
		{D4E98A79-00A4-46DF-9E8E-4F6FF7E7CFE9}.Ad-Hoc|x86.Build.0 = Release|Any CPU
		{D4E98A79-00A4-46DF-9E8E-4F6FF7E7CFE9}.AppStore|Any CPU.ActiveCfg = Release|Any CPU
		{D4E98A79-00A4-46DF-9E8E-4F6FF7E7CFE9}.AppStore|Any CPU.Build.0 = Release|Any CPU
		{D4E98A79-00A4-46DF-9E8E-4F6FF7E7CFE9}.AppStore|ARM.ActiveCfg = Release|Any CPU
		{D4E98A79-00A4-46DF-9E8E-4F6FF7E7CFE9}.AppStore|ARM.Build.0 = Release|Any CPU
		{D4E98A79-00A4-46DF-9E8E-4F6FF7E7CFE9}.AppStore|iPhone.ActiveCfg = Release|Any CPU
		{D4E98A79-00A4-46DF-9E8E-4F6FF7E7CFE9}.AppStore|iPhone.Build.0 = Release|Any CPU
		{D4E98A79-00A4-46DF-9E8E-4F6FF7E7CFE9}.AppStore|iPhoneSimulator.ActiveCfg = Release|Any CPU
		{D4E98A79-00A4-46DF-9E8E-4F6FF7E7CFE9}.AppStore|iPhoneSimulator.Build.0 = Release|Any CPU
		{D4E98A79-00A4-46DF-9E8E-4F6FF7E7CFE9}.AppStore|x64.ActiveCfg = Release|Any CPU
		{D4E98A79-00A4-46DF-9E8E-4F6FF7E7CFE9}.AppStore|x64.Build.0 = Release|Any CPU
		{D4E98A79-00A4-46DF-9E8E-4F6FF7E7CFE9}.AppStore|x86.ActiveCfg = Release|Any CPU
		{D4E98A79-00A4-46DF-9E8E-4F6FF7E7CFE9}.AppStore|x86.Build.0 = Release|Any CPU
		{D4E98A79-00A4-46DF-9E8E-4F6FF7E7CFE9}.Debug|Any CPU.ActiveCfg = Debug|Any CPU
		{D4E98A79-00A4-46DF-9E8E-4F6FF7E7CFE9}.Debug|Any CPU.Build.0 = Debug|Any CPU
		{D4E98A79-00A4-46DF-9E8E-4F6FF7E7CFE9}.Debug|ARM.ActiveCfg = Debug|Any CPU
		{D4E98A79-00A4-46DF-9E8E-4F6FF7E7CFE9}.Debug|ARM.Build.0 = Debug|Any CPU
		{D4E98A79-00A4-46DF-9E8E-4F6FF7E7CFE9}.Debug|iPhone.ActiveCfg = Debug|Any CPU
		{D4E98A79-00A4-46DF-9E8E-4F6FF7E7CFE9}.Debug|iPhone.Build.0 = Debug|Any CPU
		{D4E98A79-00A4-46DF-9E8E-4F6FF7E7CFE9}.Debug|iPhoneSimulator.ActiveCfg = Debug|Any CPU
		{D4E98A79-00A4-46DF-9E8E-4F6FF7E7CFE9}.Debug|iPhoneSimulator.Build.0 = Debug|Any CPU
		{D4E98A79-00A4-46DF-9E8E-4F6FF7E7CFE9}.Debug|x64.ActiveCfg = Debug|Any CPU
		{D4E98A79-00A4-46DF-9E8E-4F6FF7E7CFE9}.Debug|x64.Build.0 = Debug|Any CPU
		{D4E98A79-00A4-46DF-9E8E-4F6FF7E7CFE9}.Debug|x86.ActiveCfg = Debug|Any CPU
		{D4E98A79-00A4-46DF-9E8E-4F6FF7E7CFE9}.Debug|x86.Build.0 = Debug|Any CPU
		{D4E98A79-00A4-46DF-9E8E-4F6FF7E7CFE9}.Release|Any CPU.ActiveCfg = Release|Any CPU
		{D4E98A79-00A4-46DF-9E8E-4F6FF7E7CFE9}.Release|Any CPU.Build.0 = Release|Any CPU
		{D4E98A79-00A4-46DF-9E8E-4F6FF7E7CFE9}.Release|ARM.ActiveCfg = Release|Any CPU
		{D4E98A79-00A4-46DF-9E8E-4F6FF7E7CFE9}.Release|ARM.Build.0 = Release|Any CPU
		{D4E98A79-00A4-46DF-9E8E-4F6FF7E7CFE9}.Release|iPhone.ActiveCfg = Release|Any CPU
		{D4E98A79-00A4-46DF-9E8E-4F6FF7E7CFE9}.Release|iPhone.Build.0 = Release|Any CPU
		{D4E98A79-00A4-46DF-9E8E-4F6FF7E7CFE9}.Release|iPhoneSimulator.ActiveCfg = Release|Any CPU
		{D4E98A79-00A4-46DF-9E8E-4F6FF7E7CFE9}.Release|iPhoneSimulator.Build.0 = Release|Any CPU
		{D4E98A79-00A4-46DF-9E8E-4F6FF7E7CFE9}.Release|x64.ActiveCfg = Release|Any CPU
		{D4E98A79-00A4-46DF-9E8E-4F6FF7E7CFE9}.Release|x64.Build.0 = Release|Any CPU
		{D4E98A79-00A4-46DF-9E8E-4F6FF7E7CFE9}.Release|x86.ActiveCfg = Release|Any CPU
		{D4E98A79-00A4-46DF-9E8E-4F6FF7E7CFE9}.Release|x86.Build.0 = Release|Any CPU
	EndGlobalSection
	GlobalSection(SolutionProperties) = preSolution
		HideSolutionNode = FALSE
	EndGlobalSection
EndGlobal
